<?xml version="1.0" encoding="utf-8"?>
<Project ToolsVersion="4.0" xmlns="http://schemas.microsoft.com/developer/msbuild/2003">
  <ItemGroup>
    <Filter Include="Source Files">
      <UniqueIdentifier>{4FC737F1-C7A5-4376-A066-2A32D752A2FF}</UniqueIdentifier>
      <Extensions>cpp;c;cc;cxx;def;odl;idl;hpj;bat;asm;asmx</Extensions>
    </Filter>
    <Filter Include="Header Files">
      <UniqueIdentifier>{93995380-89BD-4b04-88EB-625FBE52EBFB}</UniqueIdentifier>
      <Extensions>h;hh;hpp;hxx;hm;inl;inc;xsd</Extensions>
    </Filter>
    <Filter Include="Resource Files">
      <UniqueIdentifier>{D9D6E242-F8AF-46E4-B9FD-80ECBC20BA3E}</UniqueIdentifier>
      <Extensions>qrc;*</Extensions>
      <ParseFiles>false</ParseFiles>
    </Filter>
    <Filter Include="Form Files">
      <UniqueIdentifier>{99349809-55BA-4b9d-BF79-8FDBB0286EB3}</UniqueIdentifier>
      <Extensions>ui</Extensions>
    </Filter>
    <Filter Include="Resource Files">
      <UniqueIdentifier>{D9D6E242-F8AF-46E4-B9FD-80ECBC20BA3E}</UniqueIdentifier>
      <Extensions>qrc;*</Extensions>
      <ParseFiles>false</ParseFiles>
    </Filter>
    <Filter Include="Generated Files">
      <UniqueIdentifier>{71ED8ED8-ACB9-4CE9-BBE1-E00B30144E11}</UniqueIdentifier>
      <Extensions>moc;h;cpp</Extensions>
      <SourceControlFiles>False</SourceControlFiles>
    </Filter>
    <Filter Include="network">
      <UniqueIdentifier>{0d5b3d59-dc47-44c9-9d22-f7c5a2c7e420}</UniqueIdentifier>
    </Filter>
    <Filter Include="Resource Files\qss">
      <UniqueIdentifier>{d4c64da7-d788-4826-ab0f-63d654577866}</UniqueIdentifier>
    </Filter>
    <Filter Include="network\websock_test">
      <UniqueIdentifier>{bcd9bc46-9e65-4ba4-8b67-42c68ba24c87}</UniqueIdentifier>
    </Filter>
    <Filter Include="Control">
      <UniqueIdentifier>{5894b27b-b97c-41e0-8200-9ad9a4812e8c}</UniqueIdentifier>
    </Filter>
    <Filter Include="network\Message">
      <UniqueIdentifier>{e1f264b6-ca80-4922-910c-9e2710de9244}</UniqueIdentifier>
    </Filter>
    <Filter Include="network\Configs">
      <UniqueIdentifier>{de542a5c-c299-428f-a804-5fe623eebc16}</UniqueIdentifier>
    </Filter>
    <Filter Include="network\Qt">
      <UniqueIdentifier>{4455ac28-7ef1-4d55-bc1e-0e072dec40e5}</UniqueIdentifier>
    </Filter>
    <Filter Include="network\Configs\Json">
      <UniqueIdentifier>{82d24966-9d13-4897-a427-220773ee0c20}</UniqueIdentifier>
    </Filter>
  </ItemGroup>
  <ItemGroup>
    <ClCompile Include="main.cpp">
      <Filter>Source Files</Filter>
    </ClCompile>
    <ClCompile Include="Udp.cpp">
      <Filter>network</Filter>
    </ClCompile>
    <ClCompile Include="TableControl.cpp">
      <Filter>Control</Filter>
    </ClCompile>
    <ClCompile Include="Tcp.cpp">
      <Filter>network</Filter>
    </ClCompile>
    <ClCompile Include="Socket.cpp">
      <Filter>network\Qt</Filter>
    </ClCompile>
    <ClCompile Include="Com.cpp">
      <Filter>network\Qt</Filter>
    </ClCompile>
    <ClCompile Include="WebSockets.cpp">
      <Filter>network\Qt</Filter>
    </ClCompile>
    <ClCompile Include="JsonHelper.cpp">
      <Filter>network\Configs\Json</Filter>
    </ClCompile>
    <ClCompile Include="cJSON.cpp">
      <Filter>network\Configs\Json</Filter>
    </ClCompile>
    <ClCompile Include="BasicMessageHub.cpp">
      <Filter>network\Message</Filter>
    </ClCompile>
    <ClCompile Include="Config.cpp">
      <Filter>network\Configs</Filter>
    </ClCompile>
    <ClCompile Include="TestMessage.cpp">
      <Filter>network\Message</Filter>
    </ClCompile>
    <ClCompile Include="MessageHelper.cpp">
      <Filter>network\Message</Filter>
    </ClCompile>
    <ClCompile Include="MessageHelperFactory.cpp">
      <Filter>Source Files</Filter>
    </ClCompile>
  </ItemGroup>
  <ItemGroup>
    <QtMoc Include="MessagerGUI.h">
      <Filter>Header Files</Filter>
    </QtMoc>
    <QtMoc Include="MessagerGUI.cpp">
      <Filter>Source Files</Filter>
    </QtMoc>
    <QtMoc Include="TableControl.h">
      <Filter>Control</Filter>
    </QtMoc>
    <QtMoc Include="Socket.h">
      <Filter>network\Qt</Filter>
    </QtMoc>
    <QtMoc Include="Com.h">
      <Filter>network\Qt</Filter>
    </QtMoc>
    <QtMoc Include="WebSockets.h">
      <Filter>network\Qt</Filter>
    </QtMoc>
    <QtMoc Include="MessageHelper.h">
      <Filter>network\Message</Filter>
    </QtMoc>
  </ItemGroup>
  <ItemGroup>
    <QtUic Include="MessagerGUI.ui">
      <Filter>Form Files</Filter>
    </QtUic>
    <QtUic Include="MessageTableView.ui">
      <Filter>Control</Filter>
    </QtUic>
  </ItemGroup>
  <ItemGroup>
    <QtRcc Include="MessagerGUI.qrc">
      <Filter>Resource Files</Filter>
    </QtRcc>
  </ItemGroup>
  <ItemGroup>
    <ClInclude Include="Udp.h">
      <Filter>network</Filter>
    </ClInclude>
    <ClInclude Include="Tcp.h">
      <Filter>network</Filter>
    </ClInclude>
    <ClInclude Include="Messages.h">
      <Filter>network\Message</Filter>
    </ClInclude>
    <ClInclude Include="JsonHelper.h">
      <Filter>network\Configs\Json</Filter>
    </ClInclude>
    <ClInclude Include="IMessageHub.h">
      <Filter>network\Message</Filter>
    </ClInclude>
    <ClInclude Include="IMessageHelper.h">
      <Filter>network\Message</Filter>
    </ClInclude>
    <ClInclude Include="IMessage.h">
      <Filter>network\Message</Filter>
    </ClInclude>
    <ClInclude Include="cJSON.h">
      <Filter>network\Configs\Json</Filter>
    </ClInclude>
    <ClInclude Include="BasicMessageHub.h">
      <Filter>network\Message</Filter>
    </ClInclude>
    <ClInclude Include="Config.h">
      <Filter>network\Configs</Filter>
    </ClInclude>
    <ClInclude Include="TestMessage.h">
      <Filter>network\Message</Filter>
    </ClInclude>
    <ClInclude Include="MessageHelperFactory.h">
      <Filter>network\Message</Filter>
    </ClInclude>
  </ItemGroup>
  <ItemGroup>
    <None Include="black2.qss">
      <Filter>Resource Files\qss</Filter>
    </None>
    <None Include="C:\Users\Huang\Desktop\qt_websock_test\http_server.js">
      <Filter>network\websock_test</Filter>
    </None>
    <None Include="C:\Users\Huang\Desktop\qt_websock_test\index.html">
      <Filter>network\websock_test</Filter>
    </None>
  </ItemGroup>
</Project>